{
    "_readme": [
        "This file locks the dependencies of your project to a known state",
        "Read more about it at https://getcomposer.org/doc/01-basic-usage.md#installing-dependencies",
        "This file is @generated automatically"
    ],
    "content-hash": "b9e42a3799beabf75a4d16851b6a4c43",
    "packages": [
        {
            "name": "bower-asset/inputmask",
            "version": "5.0.9",
            "source": {
                "type": "git",
                "url": "https://github.com/RobinHerbots/Inputmask.git",
                "reference": "310a33557e2944daf86d5946a5e8c82b9118f8f7"
            },
            "dist": {
                "type": "zip",
                "url": "https://api.github.com/repos/RobinHerbots/Inputmask/zipball/310a33557e2944daf86d5946a5e8c82b9118f8f7",
                "reference": "310a33557e2944daf86d5946a5e8c82b9118f8f7"
            },
            "require": {
                "bower-asset/jquery": ">=1.7"
            },
            "type": "bower-asset",
            "license": [
                "http://opensource.org/licenses/mit-license.php"
            ]
        },
        {
            "name": "bower-asset/jquery",
            "version": "3.7.1",
            "source": {
                "type": "git",
                "url": "https://github.com/jquery/jquery-dist.git",
                "reference": "fde1f76e2799dd877c176abde0ec836553246991"
            },
            "dist": {
                "type": "zip",
                "url": "https://api.github.com/repos/jquery/jquery-dist/zipball/fde1f76e2799dd877c176abde0ec836553246991",
                "reference": "fde1f76e2799dd877c176abde0ec836553246991"
            },
            "type": "bower-asset",
            "license": [
                "MIT"
            ]
        },
        {
            "name": "bower-asset/punycode",
            "version": "v2.3.1",
            "source": {
                "type": "git",
                "url": "https://github.com/mathiasbynens/punycode.js.git",
                "reference": "9e1b2cda98d215d3a73fcbfe93c62e021f4ba768"
            },
            "dist": {
                "type": "zip",
                "url": "https://api.github.com/repos/mathiasbynens/punycode.js/zipball/9e1b2cda98d215d3a73fcbfe93c62e021f4ba768",
                "reference": "9e1b2cda98d215d3a73fcbfe93c62e021f4ba768"
            },
            "type": "bower-asset"
        },
        {
            "name": "bower-asset/yii2-pjax",
            "version": "2.0.8",
            "source": {
                "type": "git",
                "url": "git@github.com:yiisoft/jquery-pjax.git",
                "reference": "a9298d57da63d14a950f1b94366a864bc62264fb"
            },
            "dist": {
                "type": "zip",
                "url": "https://api.github.com/repos/yiisoft/jquery-pjax/zipball/a9298d57da63d14a950f1b94366a864bc62264fb",
                "reference": "a9298d57da63d14a950f1b94366a864bc62264fb"
            },
            "require": {
                "bower-asset/jquery": ">=1.8"
            },
            "type": "bower-asset",
            "license": [
                "MIT"
            ]
        },
        {
            "name": "bshaffer/oauth2-server-php",
            "version": "v1.14.1",
            "source": {
                "type": "git",
                "url": "https://github.com/bshaffer/oauth2-server-php.git",
                "reference": "096db2c86a7d67a2ba45e72be7d208c342694542"
            },
            "dist": {
                "type": "zip",
                "url": "https://api.github.com/repos/bshaffer/oauth2-server-php/zipball/096db2c86a7d67a2ba45e72be7d208c342694542",
                "reference": "096db2c86a7d67a2ba45e72be7d208c342694542",
                "shasum": ""
            },
            "require": {
                "php": ">=7.2"
            },
            "require-dev": {
                "aws/aws-sdk-php": "^2.8",
                "firebase/php-jwt": "^6.4",
                "phpunit/phpunit": "^7.5||^8.0",
                "predis/predis": "^1.1",
                "thobbs/phpcassa": "dev-master",
                "yoast/phpunit-polyfills": "^1.0"
            },
            "suggest": {
                "aws/aws-sdk-php": "~2.8 is required to use DynamoDB storage",
                "firebase/php-jwt": "~v6.4 is required to use JWT features",
                "mongodb/mongodb": "^1.1 is required to use MongoDB storage",
                "predis/predis": "Required to use Redis storage",
                "thobbs/phpcassa": "Required to use Cassandra storage"
            },
            "type": "library",
            "autoload": {
                "psr-0": {
                    "OAuth2": "src/"
                }
            },
            "notification-url": "https://packagist.org/downloads/",
            "license": [
                "MIT"
            ],
            "authors": [
                {
                    "name": "Brent Shaffer",
                    "email": "bshafs@gmail.com",
                    "homepage": "http://brentertainment.com"
                }
            ],
            "description": "OAuth2 Server for PHP",
            "homepage": "http://github.com/bshaffer/oauth2-server-php",
            "keywords": [
                "auth",
                "oauth",
                "oauth2"
            ],
            "support": {
                "issues": "https://github.com/bshaffer/oauth2-server-php/issues",
                "source": "https://github.com/bshaffer/oauth2-server-php/tree/v1.14.1"
            },
            "time": "2023-07-07T17:53:54+00:00"
        },
        {
            "name": "cebe/markdown",
            "version": "1.2.1",
            "source": {
                "type": "git",
                "url": "https://github.com/cebe/markdown.git",
                "reference": "9bac5e971dd391e2802dca5400bbeacbaea9eb86"
            },
            "dist": {
                "type": "zip",
                "url": "https://api.github.com/repos/cebe/markdown/zipball/9bac5e971dd391e2802dca5400bbeacbaea9eb86",
                "reference": "9bac5e971dd391e2802dca5400bbeacbaea9eb86",
                "shasum": ""
            },
            "require": {
                "lib-pcre": "*",
                "php": ">=5.4.0"
            },
            "require-dev": {
                "cebe/indent": "*",
                "facebook/xhprof": "*@dev",
                "phpunit/phpunit": "4.1.*"
            },
            "bin": [
                "bin/markdown"
            ],
            "type": "library",
            "extra": {
                "branch-alias": {
                    "dev-master": "1.2.x-dev"
                }
            },
            "autoload": {
                "psr-4": {
                    "cebe\\markdown\\": ""
                }
            },
            "notification-url": "https://packagist.org/downloads/",
            "license": [
                "MIT"
            ],
            "authors": [
                {
                    "name": "Carsten Brandt",
                    "email": "mail@cebe.cc",
                    "homepage": "http://cebe.cc/",
                    "role": "Creator"
                }
            ],
            "description": "A super fast, highly extensible markdown parser for PHP",
            "homepage": "https://github.com/cebe/markdown#readme",
            "keywords": [
                "extensible",
                "fast",
                "gfm",
                "markdown",
                "markdown-extra"
            ],
            "support": {
                "issues": "https://github.com/cebe/markdown/issues",
                "source": "https://github.com/cebe/markdown"
            },
            "time": "2018-03-26T11:24:36+00:00"
        },
        {
            "name": "ezyang/htmlpurifier",
            "version": "v4.17.0",
            "source": {
                "type": "git",
                "url": "https://github.com/ezyang/htmlpurifier.git",
                "reference": "bbc513d79acf6691fa9cf10f192c90dd2957f18c"
            },
            "dist": {
                "type": "zip",
                "url": "https://api.github.com/repos/ezyang/htmlpurifier/zipball/bbc513d79acf6691fa9cf10f192c90dd2957f18c",
                "reference": "bbc513d79acf6691fa9cf10f192c90dd2957f18c",
                "shasum": ""
            },
            "require": {
                "php": "~5.6.0 || ~7.0.0 || ~7.1.0 || ~7.2.0 || ~7.3.0 || ~7.4.0 || ~8.0.0 || ~8.1.0 || ~8.2.0 || ~8.3.0"
            },
            "require-dev": {
                "cerdic/css-tidy": "^1.7 || ^2.0",
                "simpletest/simpletest": "dev-master"
            },
            "suggest": {
                "cerdic/css-tidy": "If you want to use the filter 'Filter.ExtractStyleBlocks'.",
                "ext-bcmath": "Used for unit conversion and imagecrash protection",
                "ext-iconv": "Converts text to and from non-UTF-8 encodings",
                "ext-tidy": "Used for pretty-printing HTML"
            },
            "type": "library",
            "autoload": {
                "files": [
                    "library/HTMLPurifier.composer.php"
                ],
                "psr-0": {
                    "HTMLPurifier": "library/"
                },
                "exclude-from-classmap": [
                    "/library/HTMLPurifier/Language/"
                ]
            },
            "notification-url": "https://packagist.org/downloads/",
            "license": [
                "LGPL-2.1-or-later"
            ],
            "authors": [
                {
                    "name": "Edward Z. Yang",
                    "email": "admin@htmlpurifier.org",
                    "homepage": "http://ezyang.com"
                }
            ],
            "description": "Standards compliant HTML filter written in PHP",
            "homepage": "http://htmlpurifier.org/",
            "keywords": [
                "html"
            ],
            "support": {
                "issues": "https://github.com/ezyang/htmlpurifier/issues",
                "source": "https://github.com/ezyang/htmlpurifier/tree/v4.17.0"
            },
            "time": "2023-11-17T15:01:25+00:00"
        },
        {
            "name": "filsh/yii2-oauth2-server",
            "version": "v2.1.1",
            "source": {
                "type": "git",
                "url": "https://github.com/filsh/yii2-oauth2-server.git",
                "reference": "3934cec6d6de9eb21d7a6ef5b31cadac281f3ad2"
            },
            "dist": {
                "type": "zip",
                "url": "https://api.github.com/repos/filsh/yii2-oauth2-server/zipball/3934cec6d6de9eb21d7a6ef5b31cadac281f3ad2",
                "reference": "3934cec6d6de9eb21d7a6ef5b31cadac281f3ad2",
                "shasum": ""
            },
            "require": {
                "bshaffer/oauth2-server-php": "^1.7",
                "yiisoft/yii2": "*"
            },
            "type": "yii2-extension",
            "extra": {
                "bootstrap": "filsh\\yii2\\oauth2server\\Bootstrap",
                "branch-alias": {
                    "dev-master": "2.1.x-dev"
                }
            },
            "autoload": {
                "psr-4": {
                    "filsh\\yii2\\oauth2server\\": "src/"
                }
            },
            "notification-url": "https://packagist.org/downloads/",
            "license": [
                "MIT"
            ],
            "authors": [
                {
                    "name": "Igor Maliy",
                    "email": "imaliy.filsh@gmail.com"
                },
                {
                    "name": "Vardan Pogosian",
                    "email": "vardan.pogosyan@gmail.com"
                }
            ],
            "description": "OAuth2 Server for PHP",
            "homepage": "https://github.com/filsh/yii2-oauth2-server",
            "keywords": [
                "extension",
                "module",
                "oauth",
                "oauth2",
                "yii"
            ],
            "support": {
                "email": "imaliy.filsh@gmail.com",
                "issues": "https://github.com/filsh/yii2-oauth2-server/issues",
                "source": "https://github.com/filsh/yii2-oauth2-server"
            },
            "time": "2020-10-19T10:36:03+00:00"
        },
        {
            "name": "imagine/imagine",
            "version": "1.3.5",
            "source": {
                "type": "git",
                "url": "https://github.com/php-imagine/Imagine.git",
                "reference": "7151d553edec4dc2bbac60419f7a74ff34700e7f"
            },
            "dist": {
                "type": "zip",
                "url": "https://api.github.com/repos/php-imagine/Imagine/zipball/7151d553edec4dc2bbac60419f7a74ff34700e7f",
                "reference": "7151d553edec4dc2bbac60419f7a74ff34700e7f",
                "shasum": ""
            },
            "require": {
                "php": ">=5.5"
            },
            "require-dev": {
                "phpunit/phpunit": "^4.8 || ^5.7 || ^6.5 || ^7.5 || ^8.4 || ^9.3"
            },
            "suggest": {
                "ext-exif": "to read EXIF metadata",
                "ext-gd": "to use the GD implementation",
                "ext-gmagick": "to use the Gmagick implementation",
                "ext-imagick": "to use the Imagick implementation"
            },
            "type": "library",
            "extra": {
                "branch-alias": {
                    "dev-develop": "1.x-dev"
                }
            },
            "autoload": {
                "psr-4": {
                    "Imagine\\": "src/"
                }
            },
            "notification-url": "https://packagist.org/downloads/",
            "license": [
                "MIT"
            ],
            "authors": [
                {
                    "name": "Bulat Shakirzyanov",
                    "email": "mallluhuct@gmail.com",
                    "homepage": "http://avalanche123.com"
                }
            ],
            "description": "Image processing for PHP 5.3",
            "homepage": "http://imagine.readthedocs.org/",
            "keywords": [
                "drawing",
                "graphics",
                "image manipulation",
                "image processing"
            ],
            "support": {
                "issues": "https://github.com/php-imagine/Imagine/issues",
                "source": "https://github.com/php-imagine/Imagine/tree/1.3.5"
            },
            "time": "2023-06-07T14:49:52+00:00"
        },
        {
            "name": "immusen/yii2-swoole-websocket",
            "version": "v1.11",
            "source": {
                "type": "git",
                "url": "https://github.com/immusen/yii2-swoole-websocket.git",
                "reference": "223e65fbfef04a78d42924bc3822775616afac3c"
            },
            "dist": {
                "type": "zip",
                "url": "https://api.github.com/repos/immusen/yii2-swoole-websocket/zipball/223e65fbfef04a78d42924bc3822775616afac3c",
                "reference": "223e65fbfef04a78d42924bc3822775616afac3c",
                "shasum": ""
            },
            "require": {
                "yiisoft/yii2": "~2.0.0"
            },
            "type": "yii2-extension",
            "autoload": {
                "psr-4": {
                    "immusen\\websocket\\": ""
                }
            },
            "notification-url": "https://packagist.org/downloads/",
            "license": [
                "Apache-2.0"
            ],
            "authors": [
                {
                    "name": "immusen",
                    "email": "immusen@gmail.com"
                }
            ],
            "description": "Websocket server for Yii2 base on swoole 4, Support JSONRPC, Resolve 'method' as a route reflect into controller/action, And support http or redis pub/sub to trigger async task from your web application.",
            "keywords": [
                "async",
                "extension",
                "pub sub",
                "redis",
                "swoole",
                "websocket",
                "websocket server",
                "yii2"
            ],
            "support": {
                "issues": "https://github.com/immusen/yii2-swoole-websocket/issues",
                "source": "https://github.com/immusen/yii2-swoole-websocket/tree/master"
            },
            "time": "2019-03-31T08:29:21+00:00"
        },
        {
            "name": "mdmsoft/yii2-admin",
            "version": "2.12",
            "source": {
                "type": "git",
                "url": "https://github.com/mdmsoft/yii2-admin.git",
                "reference": "10e526fbcf6350ed4cc9ba6298f887d611685367"
            },
            "dist": {
                "type": "zip",
                "url": "https://api.github.com/repos/mdmsoft/yii2-admin/zipball/10e526fbcf6350ed4cc9ba6298f887d611685367",
                "reference": "10e526fbcf6350ed4cc9ba6298f887d611685367",
                "shasum": ""
            },
            "require": {
                "yiisoft/yii2": "~2.0.7"
            },
            "require-dev": {
                "yiisoft/yii2-codeception": "~2.0"
            },
            "suggest": {
                "yiisoft/yii2-bootstrap": "Used when using layout 'left-menu', 'right-menu' or 'top-menu'"
            },
            "type": "yii2-extension",
            "extra": {
                "branch-alias": {
                    "dev-1.0.master": "1.0.x-dev",
                    "dev-master": "2.x-dev"
                },
                "asset-installer-paths": {
                    "npm-asset-library": "vendor/npm",
                    "bower-asset-library": "vendor/bower"
                }
            },
            "autoload": {
                "psr-4": {
                    "mdm\\admin\\": ""
                }
            },
            "notification-url": "https://packagist.org/downloads/",
            "license": [
                "BSD-3-Clause"
            ],
            "authors": [
                {
                    "name": "Misbahul Munir",
                    "email": "misbahuldmunir@gmail.com"
                }
            ],
            "description": "RBAC Auth manager for Yii2 ",
            "keywords": [
                "admin",
                "auth",
                "rbac",
                "yii"
            ],
            "support": {
                "issues": "https://github.com/mdmsoft/yii2-admin/issues",
                "source": "https://github.com/mdmsoft/yii2-admin"
            },
            "time": "2020-12-31T06:48:57+00:00"
        },
        {
            "name": "midtrans/midtrans-php",
            "version": "2.5.2",
            "source": {
                "type": "git",
                "url": "https://github.com/Midtrans/midtrans-php.git",
                "reference": "a1ad0c824449ca8c68c4cf11b3417ad518311d2b"
            },
            "dist": {
                "type": "zip",
                "url": "https://api.github.com/repos/Midtrans/midtrans-php/zipball/a1ad0c824449ca8c68c4cf11b3417ad518311d2b",
                "reference": "a1ad0c824449ca8c68c4cf11b3417ad518311d2b",
                "shasum": ""
            },
            "require": {
                "ext-curl": "*",
                "ext-json": "*",
                "php": ">=5.4"
            },
            "require-dev": {
                "phpunit/phpunit": "5.7.*",
                "psy/psysh": "0.4.*"
            },
            "type": "library",
            "autoload": {
                "psr-4": {
                    "Midtrans\\": "Midtrans/"
                }
            },
            "notification-url": "https://packagist.org/downloads/",
            "license": [
                "MIT"
            ],
            "authors": [
                {
                    "name": "Andri Setiawan",
                    "email": "andri.setiawan@veritrans.co.id"
                },
                {
                    "name": "Alvin Litani",
                    "email": "alvin.litani@veritrans.co.id"
                },
                {
                    "name": "Ismail Faruqi",
                    "email": "ismail.faruqi@veritrans.co.id"
                }
            ],
            "description": "PHP Wrapper for Midtrans Payment API.",
            "homepage": "https://midtrans.com",
            "support": {
                "issues": "https://github.com/Midtrans/midtrans-php/issues",
                "source": "https://github.com/Midtrans/midtrans-php/tree/2.5.2"
            },
            "time": "2021-08-23T08:52:05+00:00"
        },
        {
            "name": "paragonie/random_compat",
            "version": "v9.99.100",
            "source": {
                "type": "git",
                "url": "https://github.com/paragonie/random_compat.git",
                "reference": "996434e5492cb4c3edcb9168db6fbb1359ef965a"
            },
            "dist": {
                "type": "zip",
                "url": "https://api.github.com/repos/paragonie/random_compat/zipball/996434e5492cb4c3edcb9168db6fbb1359ef965a",
                "reference": "996434e5492cb4c3edcb9168db6fbb1359ef965a",
                "shasum": ""
            },
            "require": {
                "php": ">= 7"
            },
            "require-dev": {
                "phpunit/phpunit": "4.*|5.*",
                "vimeo/psalm": "^1"
            },
            "suggest": {
                "ext-libsodium": "Provides a modern crypto API that can be used to generate random bytes."
            },
            "type": "library",
            "notification-url": "https://packagist.org/downloads/",
            "license": [
                "MIT"
            ],
            "authors": [
                {
                    "name": "Paragon Initiative Enterprises",
                    "email": "security@paragonie.com",
                    "homepage": "https://paragonie.com"
                }
            ],
            "description": "PHP 5.x polyfill for random_bytes() and random_int() from PHP 7",
            "keywords": [
                "csprng",
                "polyfill",
                "pseudorandom",
                "random"
            ],
            "support": {
                "email": "info@paragonie.com",
                "issues": "https://github.com/paragonie/random_compat/issues",
                "source": "https://github.com/paragonie/random_compat"
            },
            "time": "2020-10-15T08:29:30+00:00"
        },
        {
            "name": "yiisoft/yii2",
            "version": "2.0.51",
            "source": {
                "type": "git",
                "url": "https://github.com/yiisoft/yii2-framework.git",
                "reference": "ea1f112f4dc9a9824e77b788019e2d53325d823c"
            },
            "dist": {
                "type": "zip",
                "url": "https://api.github.com/repos/yiisoft/yii2-framework/zipball/ea1f112f4dc9a9824e77b788019e2d53325d823c",
                "reference": "ea1f112f4dc9a9824e77b788019e2d53325d823c",
                "shasum": ""
            },
            "require": {
                "bower-asset/inputmask": "^5.0.8 ",
                "bower-asset/jquery": "3.7.*@stable | 3.6.*@stable | 3.5.*@stable | 3.4.*@stable | 3.3.*@stable | 3.2.*@stable | 3.1.*@stable | 2.2.*@stable | 2.1.*@stable | 1.11.*@stable | 1.12.*@stable",
                "bower-asset/punycode": "^2.2",
                "bower-asset/yii2-pjax": "~2.0.1",
                "cebe/markdown": "~1.0.0 | ~1.1.0 | ~1.2.0",
                "ext-ctype": "*",
                "ext-mbstring": "*",
                "ezyang/htmlpurifier": "^4.17",
                "lib-pcre": "*",
                "paragonie/random_compat": ">=1",
                "php": ">=7.3.0",
                "yiisoft/yii2-composer": "~2.0.4"
            },
            "bin": [
                "yii"
            ],
            "type": "library",
            "extra": {
                "branch-alias": {
                    "dev-master": "2.0.x-dev"
                }
            },
            "autoload": {
                "psr-4": {
                    "yii\\": ""
                }
            },
            "notification-url": "https://packagist.org/downloads/",
            "license": [
                "BSD-3-Clause"
            ],
            "authors": [
                {
                    "name": "Qiang Xue",
                    "email": "qiang.xue@gmail.com",
                    "homepage": "https://www.yiiframework.com/",
                    "role": "Founder and project lead"
                },
                {
                    "name": "Alexander Makarov",
                    "email": "sam@rmcreative.ru",
                    "homepage": "https://rmcreative.ru/",
                    "role": "Core framework development"
                },
                {
                    "name": "Maurizio Domba",
                    "homepage": "http://mdomba.info/",
                    "role": "Core framework development"
                },
                {
                    "name": "Carsten Brandt",
                    "email": "mail@cebe.cc",
                    "homepage": "https://www.cebe.cc/",
                    "role": "Core framework development"
                },
                {
                    "name": "Timur Ruziev",
                    "email": "resurtm@gmail.com",
                    "homepage": "http://resurtm.com/",
                    "role": "Core framework development"
                },
                {
                    "name": "Paul Klimov",
                    "email": "klimov.paul@gmail.com",
                    "role": "Core framework development"
                },
                {
                    "name": "Dmitry Naumenko",
                    "email": "d.naumenko.a@gmail.com",
                    "role": "Core framework development"
                },
                {
                    "name": "Boudewijn Vahrmeijer",
                    "email": "info@dynasource.eu",
                    "homepage": "http://dynasource.eu",
                    "role": "Core framework development"
                }
            ],
            "description": "Yii PHP Framework Version 2",
            "homepage": "https://www.yiiframework.com/",
            "keywords": [
                "framework",
                "yii2"
            ],
            "support": {
                "forum": "https://forum.yiiframework.com/",
                "irc": "ircs://irc.libera.chat:6697/yii",
                "issues": "https://github.com/yiisoft/yii2/issues?state=open",
                "source": "https://github.com/yiisoft/yii2",
                "wiki": "https://www.yiiframework.com/wiki"
            },
            "funding": [
                {
                    "url": "https://github.com/yiisoft",
                    "type": "github"
                },
                {
                    "url": "https://opencollective.com/yiisoft",
                    "type": "open_collective"
                },
                {
                    "url": "https://tidelift.com/funding/github/packagist/yiisoft/yii2",
                    "type": "tidelift"
                }
            ],
            "time": "2024-07-18T19:50:00+00:00"
        },
        {
            "name": "yiisoft/yii2-composer",
            "version": "2.0.10",
            "source": {
                "type": "git",
                "url": "https://github.com/yiisoft/yii2-composer.git",
                "reference": "94bb3f66e779e2774f8776d6e1bdeab402940510"
            },
            "dist": {
                "type": "zip",
                "url": "https://api.github.com/repos/yiisoft/yii2-composer/zipball/94bb3f66e779e2774f8776d6e1bdeab402940510",
                "reference": "94bb3f66e779e2774f8776d6e1bdeab402940510",
                "shasum": ""
            },
            "require": {
                "composer-plugin-api": "^1.0 | ^2.0"
            },
            "require-dev": {
                "composer/composer": "^1.0 | ^2.0@dev",
                "phpunit/phpunit": "<7"
            },
            "type": "composer-plugin",
            "extra": {
                "class": "yii\\composer\\Plugin",
                "branch-alias": {
                    "dev-master": "2.0.x-dev"
                }
            },
            "autoload": {
                "psr-4": {
                    "yii\\composer\\": ""
                }
            },
            "notification-url": "https://packagist.org/downloads/",
            "license": [
                "BSD-3-Clause"
            ],
            "authors": [
                {
                    "name": "Qiang Xue",
                    "email": "qiang.xue@gmail.com"
                },
                {
                    "name": "Carsten Brandt",
                    "email": "mail@cebe.cc"
                }
            ],
            "description": "The composer plugin for Yii extension installer",
            "keywords": [
                "composer",
                "extension installer",
                "yii2"
            ],
            "support": {
                "forum": "http://www.yiiframework.com/forum/",
                "irc": "irc://irc.freenode.net/yii",
                "issues": "https://github.com/yiisoft/yii2-composer/issues",
                "source": "https://github.com/yiisoft/yii2-composer",
                "wiki": "http://www.yiiframework.com/wiki/"
            },
            "funding": [
                {
                    "url": "https://github.com/yiisoft",
                    "type": "github"
                },
                {
                    "url": "https://opencollective.com/yiisoft",
                    "type": "open_collective"
                },
                {
                    "url": "https://tidelift.com/funding/github/packagist/yiisoft/yii2-composer",
                    "type": "tidelift"
                }
            ],
            "time": "2020-06-24T00:04:01+00:00"
        },
        {
            "name": "yiisoft/yii2-imagine",
            "version": "2.3.1",
            "source": {
                "type": "git",
                "url": "https://github.com/yiisoft/yii2-imagine.git",
                "reference": "7ec4332dc25893aec5a7cf084722b162b3a4d55d"
            },
            "dist": {
                "type": "zip",
                "url": "https://api.github.com/repos/yiisoft/yii2-imagine/zipball/7ec4332dc25893aec5a7cf084722b162b3a4d55d",
                "reference": "7ec4332dc25893aec5a7cf084722b162b3a4d55d",
                "shasum": ""
            },
            "require": {
                "imagine/imagine": "^1.0",
                "yiisoft/yii2": "~2.0.0"
            },
            "require-dev": {
                "cweagans/composer-patches": "^1.7",
                "phpunit/phpunit": "4.8.34"
            },
            "type": "yii2-extension",
            "extra": {
                "branch-alias": {
                    "dev-master": "2.0.x-dev"
                },
                "composer-exit-on-patch-failure": true,
                "patches": {
                    "phpunit/phpunit-mock-objects": {
                        "Fix PHP 7 and 8 compatibility": "https://yiisoft.github.io/phpunit-patches/phpunit_mock_objects.patch"
                    },
                    "phpunit/phpunit": {
                        "Fix PHP 7 compatibility": "https://yiisoft.github.io/phpunit-patches/phpunit_php7.patch",
                        "Fix PHP 8 compatibility": "https://yiisoft.github.io/phpunit-patches/phpunit_php8.patch"
                    }
                }
            },
            "autoload": {
                "psr-4": {
                    "yii\\imagine\\": "src"
                }
            },
            "notification-url": "https://packagist.org/downloads/",
            "license": [
                "BSD-3-Clause"
            ],
            "authors": [
                {
                    "name": "Antonio Ramirez",
                    "email": "amigo.cobos@gmail.com"
                }
            ],
            "description": "The Imagine integration for the Yii framework",
            "keywords": [
                "helper",
                "image",
                "imagine",
                "yii2"
            ],
            "support": {
                "forum": "http://www.yiiframework.com/forum/",
                "irc": "irc://irc.freenode.net/yii",
                "issues": "https://github.com/yiisoft/yii2-imagine/issues",
                "source": "https://github.com/yiisoft/yii2-imagine",
                "wiki": "http://www.yiiframework.com/wiki/"
            },
            "funding": [
                {
                    "url": "https://github.com/yiisoft",
                    "type": "github"
                },
                {
                    "url": "https://opencollective.com/yiisoft",
                    "type": "open_collective"
                },
                {
                    "url": "https://tidelift.com/funding/github/packagist/yiisoft/yii2-imagine",
                    "type": "tidelift"
                }
            ],
            "time": "2022-09-04T10:06:40+00:00"
        }
    ],
    "packages-dev": [],
    "aliases": [],
    "minimum-stability": "stable",
    "stability-flags": [],
    "prefer-stable": false,
    "prefer-lowest": false,
    "platform": [],
    "platform-dev": [],
    "plugin-api-version": "2.6.0"
}
